
Microsoft Visual Studio Solution File, Format Version 12.00
# Visual Studio 14
VisualStudioVersion = 14.0.25420.1
MinimumVisualStudioVersion = 10.0.40219.1
Project("{FAE04EC0-301F-11D3-BF4B-00C04F79EFBC}") = "MiFerretria.Web", "MiFerretria.Web\MiFerretria.Web.csproj", "{199E1FA8-5AAC-4AEA-8440-B343AA1B079E}"
EndProject
Project("{FAE04EC0-301F-11D3-BF4B-00C04F79EFBC}") = "MiFerreteria.WebAdmin", "MiFerreteria.WebAdmin\MiFerreteria.WebAdmin.csproj", "{D2E9ED55-591B-4B1C-A4E9-6C4590B9FF85}"
EndProject
Project("{FAE04EC0-301F-11D3-BF4B-00C04F79EFBC}") = "MiFerreteria.Win", "MiFerreteria.Win\MiFerreteria.Win.csproj", "{AD2C3CD5-962C-43C4-B4D8-EF3C3B87BDBB}"
EndProject
Global
	GlobalSection(SolutionConfigurationPlatforms) = preSolution
		Debug|Any CPU = Debug|Any CPU
		Release|Any CPU = Release|Any CPU
	EndGlobalSection
	GlobalSection(ProjectConfigurationPlatforms) = postSolution
		{199E1FA8-5AAC-4AEA-8440-B343AA1B079E}.Debug|Any CPU.ActiveCfg = Debug|Any CPU
		{199E1FA8-5AAC-4AEA-8440-B343AA1B079E}.Debug|Any CPU.Build.0 = Debug|Any CPU
		{199E1FA8-5AAC-4AEA-8440-B343AA1B079E}.Release|Any CPU.ActiveCfg = Release|Any CPU
		{199E1FA8-5AAC-4AEA-8440-B343AA1B079E}.Release|Any CPU.Build.0 = Release|Any CPU
		{D2E9ED55-591B-4B1C-A4E9-6C4590B9FF85}.Debug|Any CPU.ActiveCfg = Debug|Any CPU
		{D2E9ED55-591B-4B1C-A4E9-6C4590B9FF85}.Debug|Any CPU.Build.0 = Debug|Any CPU
		{D2E9ED55-591B-4B1C-A4E9-6C4590B9FF85}.Release|Any CPU.ActiveCfg = Release|Any CPU
		{D2E9ED55-591B-4B1C-A4E9-6C4590B9FF85}.Release|Any CPU.Build.0 = Release|Any CPU
		{AD2C3CD5-962C-43C4-B4D8-EF3C3B87BDBB}.Debug|Any CPU.ActiveCfg = Debug|Any CPU
		{AD2C3CD5-962C-43C4-B4D8-EF3C3B87BDBB}.Debug|Any CPU.Build.0 = Debug|Any CPU
		{AD2C3CD5-962C-43C4-B4D8-EF3C3B87BDBB}.Release|Any CPU.ActiveCfg = Release|Any CPU
		{AD2C3CD5-962C-43C4-B4D8-EF3C3B87BDBB}.Release|Any CPU.Build.0 = Release|Any CPU
	EndGlobalSection
	GlobalSection(SolutionProperties) = preSolution
		HideSolutionNode = FALSE
	EndGlobalSection
EndGlobal
